// !$*UTF8*$!
{
	archiveVersion = 1;
	classes = {
	};
	objectVersion = 50;
	objects = {

/* Begin PBXBuildFile section */
		8C45217F2517AA3300B5D198 /* FruitModel.swift in Sources */ = {isa = PBXBuildFile; fileRef = 8C45217E2517AA3300B5D198 /* FruitModel.swift */; };
		8C4521842517AB6B00B5D198 /* FruitData.swift in Sources */ = {isa = PBXBuildFile; fileRef = 8C4521832517AB6B00B5D198 /* FruitData.swift */; };
		8C5AF73C2513910D00A39C7C /* FructusApp.swift in Sources */ = {isa = PBXBuildFile; fileRef = 8C5AF73B2513910D00A39C7C /* FructusApp.swift */; };
		8C5AF73E2513910D00A39C7C /* ContentView.swift in Sources */ = {isa = PBXBuildFile; fileRef = 8C5AF73D2513910D00A39C7C /* ContentView.swift */; };
		8C5AF7402513910E00A39C7C /* Assets.xcassets in Resources */ = {isa = PBXBuildFile; fileRef = 8C5AF73F2513910E00A39C7C /* Assets.xcassets */; };
		8C5AF7432513910E00A39C7C /* Preview Assets.xcassets in Resources */ = {isa = PBXBuildFile; fileRef = 8C5AF7422513910E00A39C7C /* Preview Assets.xcassets */; };
		8C5AF75125139F9C00A39C7C /* FruitCardView.swift in Sources */ = {isa = PBXBuildFile; fileRef = 8C5AF75025139F9C00A39C7C /* FruitCardView.swift */; };
		8C5AF7562514214D00A39C7C /* StartButtonView.swift in Sources */ = {isa = PBXBuildFile; fileRef = 8C5AF7552514214D00A39C7C /* StartButtonView.swift */; };
		8C5AF759251426BD00A39C7C /* OnboardingView.swift in Sources */ = {isa = PBXBuildFile; fileRef = 8C5AF758251426BD00A39C7C /* OnboardingView.swift */; };
		8C5FE3902519040400DBB844 /* FruitRowView.swift in Sources */ = {isa = PBXBuildFile; fileRef = 8C5FE38F2519040400DBB844 /* FruitRowView.swift */; };
/* End PBXBuildFile section */

/* Begin PBXFileReference section */
		8C45217E2517AA3300B5D198 /* FruitModel.swift */ = {isa = PBXFileReference; lastKnownFileType = sourcecode.swift; path = FruitModel.swift; sourceTree = "<group>"; };
		8C4521832517AB6B00B5D198 /* FruitData.swift */ = {isa = PBXFileReference; lastKnownFileType = sourcecode.swift; path = FruitData.swift; sourceTree = "<group>"; };
		8C5AF7382513910D00A39C7C /* Fructus.app */ = {isa = PBXFileReference; explicitFileType = wrapper.application; includeInIndex = 0; path = Fructus.app; sourceTree = BUILT_PRODUCTS_DIR; };
		8C5AF73B2513910D00A39C7C /* FructusApp.swift */ = {isa = PBXFileReference; lastKnownFileType = sourcecode.swift; path = FructusApp.swift; sourceTree = "<group>"; };
		8C5AF73D2513910D00A39C7C /* ContentView.swift */ = {isa = PBXFileReference; lastKnownFileType = sourcecode.swift; path = ContentView.swift; sourceTree = "<group>"; };
		8C5AF73F2513910E00A39C7C /* Assets.xcassets */ = {isa = PBXFileReference; lastKnownFileType = folder.assetcatalog; path = Assets.xcassets; sourceTree = "<group>"; };
		8C5AF7422513910E00A39C7C /* Preview Assets.xcassets */ = {isa = PBXFileReference; lastKnownFileType = folder.assetcatalog; path = "Preview Assets.xcassets"; sourceTree = "<group>"; };
		8C5AF7442513910E00A39C7C /* Info.plist */ = {isa = PBXFileReference; lastKnownFileType = text.plist.xml; path = Info.plist; sourceTree = "<group>"; };
		8C5AF75025139F9C00A39C7C /* FruitCardView.swift */ = {isa = PBXFileReference; lastKnownFileType = sourcecode.swift; path = FruitCardView.swift; sourceTree = "<group>"; };
		8C5AF7552514214D00A39C7C /* StartButtonView.swift */ = {isa = PBXFileReference; lastKnownFileType = sourcecode.swift; path = StartButtonView.swift; sourceTree = "<group>"; };
		8C5AF758251426BD00A39C7C /* OnboardingView.swift */ = {isa = PBXFileReference; lastKnownFileType = sourcecode.swift; path = OnboardingView.swift; sourceTree = "<group>"; };
		8C5FE38F2519040400DBB844 /* FruitRowView.swift */ = {isa = PBXFileReference; lastKnownFileType = sourcecode.swift; path = FruitRowView.swift; sourceTree = "<group>"; };
/* End PBXFileReference section */

/* Begin PBXFrameworksBuildPhase section */
		8C5AF7352513910D00A39C7C /* Frameworks */ = {
			isa = PBXFrameworksBuildPhase;
			buildActionMask = 2147483647;
			files = (
			);
			runOnlyForDeploymentPostprocessing = 0;
		};
/* End PBXFrameworksBuildPhase section */

/* Begin PBXGroup section */
		8C45217D2517AA0B00B5D198 /* Model */ = {
			isa = PBXGroup;
			children = (
				8C45217E2517AA3300B5D198 /* FruitModel.swift */,
			);
			path = Model;
			sourceTree = "<group>";
		};
		8C4521822517AB5500B5D198 /* Data */ = {
			isa = PBXGroup;
			children = (
				8C4521832517AB6B00B5D198 /* FruitData.swift */,
			);
			path = Data;
			sourceTree = "<group>";
		};
		8C5AF72F2513910D00A39C7C = {
			isa = PBXGroup;
			children = (
				8C5AF73A2513910D00A39C7C /* Fructus */,
				8C5AF7392513910D00A39C7C /* Products */,
			);
			sourceTree = "<group>";
		};
		8C5AF7392513910D00A39C7C /* Products */ = {
			isa = PBXGroup;
			children = (
				8C5AF7382513910D00A39C7C /* Fructus.app */,
			);
			name = Products;
			sourceTree = "<group>";
		};
		8C5AF73A2513910D00A39C7C /* Fructus */ = {
			isa = PBXGroup;
			children = (
				8C4521822517AB5500B5D198 /* Data */,
				8C45217D2517AA0B00B5D198 /* Model */,
				8C5AF74F25139F7300A39C7C /* View */,
				8C5AF74D25139F2800A39C7C /* App */,
				8C5AF73F2513910E00A39C7C /* Assets.xcassets */,
				8C5AF7442513910E00A39C7C /* Info.plist */,
				8C5AF7412513910E00A39C7C /* Preview Content */,
			);
			path = Fructus;
			sourceTree = "<group>";
		};
		8C5AF7412513910E00A39C7C /* Preview Content */ = {
			isa = PBXGroup;
			children = (
				8C5AF7422513910E00A39C7C /* Preview Assets.xcassets */,
			);
			path = "Preview Content";
			sourceTree = "<group>";
		};
		8C5AF74D25139F2800A39C7C /* App */ = {
			isa = PBXGroup;
			children = (
				8C5AF73B2513910D00A39C7C /* FructusApp.swift */,
				8C5AF73D2513910D00A39C7C /* ContentView.swift */,
				8C5AF758251426BD00A39C7C /* OnboardingView.swift */,
			);
			path = App;
			sourceTree = "<group>";
		};
		8C5AF74F25139F7300A39C7C /* View */ = {
			isa = PBXGroup;
			children = (
				8C5AF75025139F9C00A39C7C /* FruitCardView.swift */,
				8C5AF7552514214D00A39C7C /* StartButtonView.swift */,
				8C5FE38F2519040400DBB844 /* FruitRowView.swift */,
			);
			path = View;
			sourceTree = "<group>";
		};
/* End PBXGroup section */

/* Begin PBXNativeTarget section */
		8C5AF7372513910D00A39C7C /* Fructus */ = {
			isa = PBXNativeTarget;
			buildConfigurationList = 8C5AF7472513910E00A39C7C /* Build configuration list for PBXNativeTarget "Fructus" */;
			buildPhases = (
				8C5AF7342513910D00A39C7C /* Sources */,
				8C5AF7352513910D00A39C7C /* Frameworks */,
				8C5AF7362513910D00A39C7C /* Resources */,
			);
			buildRules = (
			);
			dependencies = (
			);
			name = Fructus;
			productName = Fructus;
			productReference = 8C5AF7382513910D00A39C7C /* Fructus.app */;
			productType = "com.apple.product-type.application";
		};
/* End PBXNativeTarget section */

/* Begin PBXProject section */
		8C5AF7302513910D00A39C7C /* Project object */ = {
			isa = PBXProject;
			attributes = {
				LastSwiftUpdateCheck = 1200;
				LastUpgradeCheck = 1200;
				TargetAttributes = {
					8C5AF7372513910D00A39C7C = {
						CreatedOnToolsVersion = 12.0;
					};
				};
			};
			buildConfigurationList = 8C5AF7332513910D00A39C7C /* Build configuration list for PBXProject "Fructus" */;
			compatibilityVersion = "Xcode 9.3";
			developmentRegion = en;
			hasScannedForEncodings = 0;
			knownRegions = (
				en,
				Base,
			);
			mainGroup = 8C5AF72F2513910D00A39C7C;
			productRefGroup = 8C5AF7392513910D00A39C7C /* Products */;
			projectDirPath = "";
			projectRoot = "";
			targets = (
				8C5AF7372513910D00A39C7C /* Fructus */,
			);
		};
/* End PBXProject section */

/* Begin PBXResourcesBuildPhase section */
		8C5AF7362513910D00A39C7C /* Resources */ = {
			isa = PBXResourcesBuildPhase;
			buildActionMask = 2147483647;
			files = (
				8C5AF7432513910E00A39C7C /* Preview Assets.xcassets in Resources */,
				8C5AF7402513910E00A39C7C /* Assets.xcassets in Resources */,
			);
			runOnlyForDeploymentPostprocessing = 0;
		};
/* End PBXResourcesBuildPhase section */

/* Begin PBXSourcesBuildPhase section */
		8C5AF7342513910D00A39C7C /* Sources */ = {
			isa = PBXSourcesBuildPhase;
			buildActionMask = 2147483647;
			files = (
				8C4521842517AB6B00B5D198 /* FruitData.swift in Sources */,
				8C5AF75125139F9C00A39C7C /* FruitCardView.swift in Sources */,
				8C5FE3902519040400DBB844 /* FruitRowView.swift in Sources */,
				8C5AF7562514214D00A39C7C /* StartButtonView.swift in Sources */,
				8C5AF73E2513910D00A39C7C /* ContentView.swift in Sources */,
				8C5AF759251426BD00A39C7C /* OnboardingView.swift in Sources */,
				8C45217F2517AA3300B5D198 /* FruitModel.swift in Sources */,
				8C5AF73C2513910D00A39C7C /* FructusApp.swift in Sources */,
			);
			runOnlyForDeploymentPostprocessing = 0;
		};
/* End PBXSourcesBuildPhase section */

/* Begin XCBuildConfiguration section */
		8C5AF7452513910E00A39C7C /* Debug */ = {
			isa = XCBuildConfiguration;
			buildSettings = {
				ALWAYS_SEARCH_USER_PATHS = NO;
				CLANG_ANALYZER_NONNULL = YES;
				CLANG_ANALYZER_NUMBER_OBJECT_CONVERSION = YES_AGGRESSIVE;
				CLANG_CXX_LANGUAGE_STANDARD = "gnu++14";
				CLANG_CXX_LIBRARY = "libc++";
				CLANG_ENABLE_MODULES = YES;
				CLANG_ENABLE_OBJC_ARC = YES;
				CLANG_ENABLE_OBJC_WEAK = YES;
				CLANG_WARN_BLOCK_CAPTURE_AUTORELEASING = YES;
				CLANG_WARN_BOOL_CONVERSION = YES;
				CLANG_WARN_COMMA = YES;
				CLANG_WARN_CONSTANT_CONVERSION = YES;
				CLANG_WARN_DEPRECATED_OBJC_IMPLEMENTATIONS = YES;
				CLANG_WARN_DIRECT_OBJC_ISA_USAGE = YES_ERROR;
				CLANG_WARN_DOCUMENTATION_COMMENTS = YES;
				CLANG_WARN_EMPTY_BODY = YES;
				CLANG_WARN_ENUM_CONVERSION = YES;
				CLANG_WARN_INFINITE_RECURSION = YES;
				CLANG_WARN_INT_CONVERSION = YES;
				CLANG_WARN_NON_LITERAL_NULL_CONVERSION = YES;
				CLANG_WARN_OBJC_IMPLICIT_RETAIN_SELF = YES;
				CLANG_WARN_OBJC_LITERAL_CONVERSION = YES;
				CLANG_WARN_OBJC_ROOT_CLASS = YES_ERROR;
				CLANG_WARN_QUOTED_INCLUDE_IN_FRAMEWORK_HEADER = YES;
				CLANG_WARN_RANGE_LOOP_ANALYSIS = YES;
				CLANG_WARN_STRICT_PROTOTYPES = YES;
				CLANG_WARN_SUSPICIOUS_MOVE = YES;
				CLANG_WARN_UNGUARDED_AVAILABILITY = YES_AGGRESSIVE;
				CLANG_WARN_UNREACHABLE_CODE = YES;
				CLANG_WARN__DUPLICATE_METHOD_MATCH = YES;
				COPY_PHASE_STRIP = NO;
				DEBUG_INFORMATION_FORMAT = dwarf;
				ENABLE_STRICT_OBJC_MSGSEND = YES;
				ENABLE_TESTABILITY = YES;
				GCC_C_LANGUAGE_STANDARD = gnu11;
				GCC_DYNAMIC_NO_PIC = NO;
				GCC_NO_COMMON_BLOCKS = YES;
				GCC_OPTIMIZATION_LEVEL = 0;
				GCC_PREPROCESSOR_DEFINITIONS = (
					"DEBUG=1",
					"$(inherited)",
				);
				GCC_WARN_64_TO_32_BIT_CONVERSION = YES;
				GCC_WARN_ABOUT_RETURN_TYPE = YES_ERROR;
				GCC_WARN_UNDECLARED_SELECTOR = YES;
				GCC_WARN_UNINITIALIZED_AUTOS = YES_AGGRESSIVE;
				GCC_WARN_UNUSED_FUNCTION = YES;
				GCC_WARN_UNUSED_VARIABLE = YES;
				IPHONEOS_DEPLOYMENT_TARGET = 14.0;
				MTL_ENABLE_DEBUG_INFO = INCLUDE_SOURCE;
				MTL_FAST_MATH = YES;
				ONLY_ACTIVE_ARCH = YES;
				SDKROOT = iphoneos;
				SWIFT_ACTIVE_COMPILATION_CONDITIONS = DEBUG;
				SWIFT_OPTIMIZATION_LEVEL = "-Onone";
			};
			name = Debug;
		};
		8C5AF7462513910E00A39C7C /* Release */ = {
			isa = XCBuildConfiguration;
			buildSettings = {
				ALWAYS_SEARCH_USER_PATHS = NO;
				CLANG_ANALYZER_NONNULL = YES;
				CLANG_ANALYZER_NUMBER_OBJECT_CONVERSION = YES_AGGRESSIVE;
				CLANG_CXX_LANGUAGE_STANDARD = "gnu++14";
				CLANG_CXX_LIBRARY = "libc++";
				CLANG_ENABLE_MODULES = YES;
				CLANG_ENABLE_OBJC_ARC = YES;
				CLANG_ENABLE_OBJC_WEAK = YES;
				CLANG_WARN_BLOCK_CAPTURE_AUTORELEASING = YES;
				CLANG_WARN_BOOL_CONVERSION = YES;
				CLANG_WARN_COMMA = YES;
				CLANG_WARN_CONSTANT_CONVERSION = YES;
				CLANG_WARN_DEPRECATED_OBJC_IMPLEMENTATIONS = YES;
				CLANG_WARN_DIRECT_OBJC_ISA_USAGE = YES_ERROR;
				CLANG_WARN_DOCUMENTATION_COMMENTS = YES;
				CLANG_WARN_EMPTY_BODY = YES;
				CLANG_WARN_ENUM_CONVERSION = YES;
				CLANG_WARN_INFINITE_RECURSION = YES;
				CLANG_WARN_INT_CONVERSION = YES;
				CLANG_WARN_NON_LITERAL_NULL_CONVERSION = YES;
				CLANG_WARN_OBJC_IMPLICIT_RETAIN_SELF = YES;
				CLANG_WARN_OBJC_LITERAL_CONVERSION = YES;
				CLANG_WARN_OBJC_ROOT_CLASS = YES_ERROR;
				CLANG_WARN_QUOTED_INCLUDE_IN_FRAMEWORK_HEADER = YES;
				CLANG_WARN_RANGE_LOOP_ANALYSIS = YES;
				CLANG_WARN_STRICT_PROTOTYPES = YES;
				CLANG_WARN_SUSPICIOUS_MOVE = YES;
				CLANG_WARN_UNGUARDED_AVAILABILITY = YES_AGGRESSIVE;
				CLANG_WARN_UNREACHABLE_CODE = YES;
				CLANG_WARN__DUPLICATE_METHOD_MATCH = YES;
				COPY_PHASE_STRIP = NO;
				DEBUG_INFORMATION_FORMAT = "dwarf-with-dsym";
				ENABLE_NS_ASSERTIONS = NO;
				ENABLE_STRICT_OBJC_MSGSEND = YES;
				GCC_C_LANGUAGE_STANDARD = gnu11;
				GCC_NO_COMMON_BLOCKS = YES;
				GCC_WARN_64_TO_32_BIT_CONVERSION = YES;
				GCC_WARN_ABOUT_RETURN_TYPE = YES_ERROR;
				GCC_WARN_UNDECLARED_SELECTOR = YES;
				GCC_WARN_UNINITIALIZED_AUTOS = YES_AGGRESSIVE;
				GCC_WARN_UNUSED_FUNCTION = YES;
				GCC_WARN_UNUSED_VARIABLE = YES;
				IPHONEOS_DEPLOYMENT_TARGET = 14.0;
				MTL_ENABLE_DEBUG_INFO = NO;
				MTL_FAST_MATH = YES;
				SDKROOT = iphoneos;
				SWIFT_COMPILATION_MODE = wholemodule;
				SWIFT_OPTIMIZATION_LEVEL = "-O";
				VALIDATE_PRODUCT = YES;
			};
			name = Release;
		};
		8C5AF7482513910E00A39C7C /* Debug */ = {
			isa = XCBuildConfiguration;
			buildSettings = {
				ASSETCATALOG_COMPILER_APPICON_NAME = AppIcon;
				ASSETCATALOG_COMPILER_GLOBAL_ACCENT_COLOR_NAME = AccentColor;
				CODE_SIGN_STYLE = Automatic;
				DEVELOPMENT_ASSET_PATHS = "\"Fructus/Preview Content\"";
				DEVELOPMENT_TEAM = 3JVSXR75A5;
				ENABLE_PREVIEWS = YES;
				INFOPLIST_FILE = Fructus/Info.plist;
				IPHONEOS_DEPLOYMENT_TARGET = 14.0;
				LD_RUNPATH_SEARCH_PATHS = (
					"$(inherited)",
					"@executable_path/Frameworks",
				);
				PRODUCT_BUNDLE_IDENTIFIER = com.garofalo.Fructus;
				PRODUCT_NAME = "$(TARGET_NAME)";
				SWIFT_VERSION = 5.0;
				TARGETED_DEVICE_FAMILY = "1,2";
			};
			name = Debug;
		};
		8C5AF7492513910E00A39C7C /* Release */ = {
			isa = XCBuildConfiguration;
			buildSettings = {
				ASSETCATALOG_COMPILER_APPICON_NAME = AppIcon;
				ASSETCATALOG_COMPILER_GLOBAL_ACCENT_COLOR_NAME = AccentColor;
				CODE_SIGN_STYLE = Automatic;
				DEVELOPMENT_ASSET_PATHS = "\"Fructus/Preview Content\"";
				DEVELOPMENT_TEAM = 3JVSXR75A5;
				ENABLE_PREVIEWS = YES;
				INFOPLIST_FILE = Fructus/Info.plist;
				IPHONEOS_DEPLOYMENT_TARGET = 14.0;
				LD_RUNPATH_SEARCH_PATHS = (
					"$(inherited)",
					"@executable_path/Frameworks",
				);
				PRODUCT_BUNDLE_IDENTIFIER = com.garofalo.Fructus;
				PRODUCT_NAME = "$(TARGET_NAME)";
				SWIFT_VERSION = 5.0;
				TARGETED_DEVICE_FAMILY = "1,2";
			};
			name = Release;
		};
/* End XCBuildConfiguration section */

/* Begin XCConfigurationList section */
		8C5AF7332513910D00A39C7C /* Build configuration list for PBXProject "Fructus" */ = {
			isa = XCConfigurationList;
			buildConfigurations = (
				8C5AF7452513910E00A39C7C /* Debug */,
				8C5AF7462513910E00A39C7C /* Release */,
			);
			defaultConfigurationIsVisible = 0;
			defaultConfigurationName = Release;
		};
		8C5AF7472513910E00A39C7C /* Build configuration list for PBXNativeTarget "Fructus" */ = {
			isa = XCConfigurationList;
			buildConfigurations = (
				8C5AF7482513910E00A39C7C /* Debug */,
				8C5AF7492513910E00A39C7C /* Release */,
			);
			defaultConfigurationIsVisible = 0;
			defaultConfigurationName = Release;
		};
/* End XCConfigurationList section */
	};
	rootObject = 8C5AF7302513910D00A39C7C /* Project object */;
}
